<Solution>
  <Project Path="BlackSheepsOfAI.ParkAndRideYellowBus.API/BlackSheepsOfAI.ParkAndRideYellowBus.API.csproj" />
  <Project Path="BlackSheepsOfAI.ParkAndRideYellowBus.Core/BlackSheepsOfAI.ParkAndRideYellowBus.Core.csproj" />
  <Project Path="BlackSheepsOfAI.ParkAndRideYellowBus.Infrastructure/BlackSheepsOfAI.ParkAndRideYellowBus.Infrastructure.csproj" />
  <Project Path="BlackSheepsOfAI.ParkAndRideYellowBus.SeedSubmissions/BlackSheepsOfAI.ParkAndRideYellowBus.SeedSubmissions.csproj" />
</Solution>
